# This file is autogenerated, do not edit; changes may be undone by the next 'dep ensure'.


[[projects]]
  branch = "master"
  name = "github.com/btcsuite/btcd"
  packages = ["btcec","chaincfg","chaincfg/chainhash","txscript","wire"]
  revision = "2e60448ffcc6bf78332d1fe590260095f554dd78"

[[projects]]
  branch = "master"
  name = "github.com/btcsuite/btclog"
  packages = ["."]
  revision = "84c8d2346e9fc8c7b947e243b9c24e6df9fd206a"

[[projects]]
  branch = "master"
  name = "github.com/btcsuite/btcutil"
  packages = [".","base58","bech32","hdkeychain"]
  revision = "8f0227d09645f436abf2a477a893a02925ee77fb"
  source = "github.com/SansCentralDev/btcutil.git"

[[projects]]
  branch = "master"
  name = "golang.org/x/crypto"
  packages = ["ripemd160"]
  revision = "13931e22f9e72ea58bb73048bc752b48c6d4d4ac"

[[projects]]
  branch = "master"
  name = "golang.org/x/mobile"
  packages = ["bind","cmd/gomobile","internal/binres","internal/importers","internal/importers/java","internal/importers/objc"]
  revision = "02851653b1d78a8a90888267945c797491e94a82"

[solve-meta]
  analyzer-name = "dep"
  analyzer-version = 1
  inputs-digest = "af531cf62854b10364eba5bbbb4fe02997108f98a9150208992d1d0a2da2c230"
  solver-name = "gps-cdcl"
  solver-version = 1
