# This file is autogenerated, do not edit; changes may be undone by the next 'dep ensure'.


[[projects]]
  branch = "master"
  name = "github.com/alecthomas/template"
  packages = [".","parse"]
  revision = "a0175ee3bccc567396460bf5acd36800cb10c49c"

[[projects]]
  branch = "master"
  name = "github.com/alecthomas/units"
  packages = ["."]
  revision = "2efee857e7cfd4f3d0138cc3cbb1b4966962b93a"

[[projects]]
  branch = "master"
  name = "github.com/btcsuite/btcd"
  packages = ["btcec","chaincfg","chaincfg/chainhash","txscript","wire"]
  revision = "50de9da05b50eb15658bb350f6ea24368a111ab7"

[[projects]]
  branch = "master"
  name = "github.com/btcsuite/btclog"
  packages = ["."]
  revision = "84c8d2346e9fc8c7b947e243b9c24e6df9fd206a"

[[projects]]
  branch = "master"
  name = "github.com/btcsuite/btcutil"
  packages = [".","base58","bech32","hdkeychain"]
  revision = "8f0227d09645f436abf2a477a893a02925ee77fb"
  source = "github.com/SansCentralDev/btcutil.git"

[[projects]]
  branch = "master"
  name = "golang.org/x/crypto"
  packages = ["ripemd160"]
  revision = "1875d0a70c90e57f11972aefd42276df65e895b9"

[[projects]]
  branch = "master"
  name = "golang.org/x/mobile"
  packages = ["bind","cmd/gomobile","internal/binres","internal/importers","internal/importers/java","internal/importers/objc"]
  revision = "5704e182c7003d4b7e94c23373f3fad4e5ceb25a"

[[projects]]
  name = "gopkg.in/alecthomas/kingpin.v2"
  packages = ["."]
  revision = "947dcec5ba9c011838740e680966fd7087a71d0d"
  version = "v2.2.6"

[solve-meta]
  analyzer-name = "dep"
  analyzer-version = 1
  inputs-digest = "ce2f0d301a1e1f711442781c0605aa80127833023650a068fec40992c6065fae"
  solver-name = "gps-cdcl"
  solver-version = 1
