# This file is autogenerated, do not edit; changes may be undone by the next 'dep ensure'.


[[projects]]
  branch = "master"
  name = "github.com/alecthomas/template"
  packages = [".","parse"]
  revision = "a0175ee3bccc567396460bf5acd36800cb10c49c"

[[projects]]
  branch = "master"
  name = "github.com/alecthomas/units"
  packages = ["."]
  revision = "2efee857e7cfd4f3d0138cc3cbb1b4966962b93a"

[[projects]]
  name = "github.com/btcsuite/btcd"
  packages = ["btcec","chaincfg","txscript","wire"]
  revision = "cea5d3c1cc16eb07a1686c557db23004655ae11b"
  version = "BTCD_0_12_0_BETA"

[[projects]]
  branch = "master"
  name = "github.com/btcsuite/btclog"
  packages = ["."]
  revision = "84c8d2346e9fc8c7b947e243b9c24e6df9fd206a"

[[projects]]
  name = "github.com/btcsuite/btcutil"
  packages = [".","base58","hdkeychain"]
  revision = "ff82dacded1c76d101bce55c394c03c0bbff69e8"
  source = "github.com/SansCentralDev/btcutil.git"
  version = "BTCUTIL_0_5_0"

[[projects]]
  branch = "master"
  name = "github.com/btcsuite/fastsha256"
  packages = ["."]
  revision = "637e656429416087660c84436a2a035d69d54e2e"

[[projects]]
  branch = "master"
  name = "github.com/btcsuite/golangcrypto"
  packages = ["ripemd160"]
  revision = "53f62d9b43e87a6c56975cf862af7edf33a8d0df"

[[projects]]
  branch = "master"
  name = "golang.org/x/mobile"
  packages = ["bind","cmd/gomobile","internal/binres","internal/importers","internal/importers/java","internal/importers/objc"]
  revision = "5704e182c7003d4b7e94c23373f3fad4e5ceb25a"

[[projects]]
  name = "gopkg.in/alecthomas/kingpin.v2"
  packages = ["."]
  revision = "947dcec5ba9c011838740e680966fd7087a71d0d"
  version = "v2.2.6"

[solve-meta]
  analyzer-name = "dep"
  analyzer-version = 1
  inputs-digest = "cbd61f94440eca6212673e04b6626e20326eae9c5bcd9dd04719656e3721cf32"
  solver-name = "gps-cdcl"
  solver-version = 1
